{
  "pins" : [
    {
      "identity" : "rive-ios",
      "kind" : "remoteSourceControl",
      "location" : "https://github.com/rive-app/rive-ios.git",
      "state" : {
        "revision" : "031e82cb258c9496c1ccce41203ed355fe8e55de",
        "version" : "6.9.5"
      }
    }
  ],
  "version" : 2
}
